
Microsoft Visual Studio Solution File, Format Version 12.00
# Visual Studio Version 17
VisualStudioVersion = 17.11.35222.181
MinimumVisualStudioVersion = 10.0.40219.1
Project("{FAE04EC0-301F-11D3-BF4B-00C04F79EFBC}") = "Project-XTeam", "Project-XTeam\Project-XTeam.csproj", "{28138F6E-B376-485C-9FB9-4A112861CC34}"
EndProject
Global
	GlobalSection(SolutionConfigurationPlatforms) = preSolution
		Debug|Any CPU = Debug|Any CPU
		Debug|x64 = Debug|x64
		Release|Any CPU = Release|Any CPU
		Release|x64 = Release|x64
	EndGlobalSection
	GlobalSection(ProjectConfigurationPlatforms) = postSolution
		{28138F6E-B376-485C-9FB9-4A112861CC34}.Debug|Any CPU.ActiveCfg = Debug|Any CPU
		{28138F6E-B376-485C-9FB9-4A112861CC34}.Debug|Any CPU.Build.0 = Debug|Any CPU
		{28138F6E-B376-485C-9FB9-4A112861CC34}.Debug|x64.ActiveCfg = Debug|x64
		{28138F6E-B376-485C-9FB9-4A112861CC34}.Debug|x64.Build.0 = Debug|x64
		{28138F6E-B376-485C-9FB9-4A112861CC34}.Release|Any CPU.ActiveCfg = Release|Any CPU
		{28138F6E-B376-485C-9FB9-4A112861CC34}.Release|Any CPU.Build.0 = Release|Any CPU
		{28138F6E-B376-485C-9FB9-4A112861CC34}.Release|x64.ActiveCfg = Release|x64
		{28138F6E-B376-485C-9FB9-4A112861CC34}.Release|x64.Build.0 = Release|x64
	EndGlobalSection
	GlobalSection(SolutionProperties) = preSolution
		HideSolutionNode = FALSE
	EndGlobalSection
	GlobalSection(ExtensibilityGlobals) = postSolution
		SolutionGuid = {950E7EE2-EBDF-4947-AE0B-91C8F44C332D}
	EndGlobalSection
EndGlobal
